
Microsoft Visual Studio Solution File, Format Version 12.00
# Visual Studio Version 17
VisualStudioVersion = 17.9.34616.47
MinimumVisualStudioVersion = 10.0.40219.1
Project("{FAE04EC0-301F-11D3-BF4B-00C04F79EFBC}") = "LockFreeAlgorithms", "LockFreeAlgorithms\LockFreeAlgorithms.csproj", "{B572781B-662B-4A18-96C9-DCB1F5988566}"
EndProject
Global
	GlobalSection(SolutionConfigurationPlatforms) = preSolution
		Debug|Any CPU = Debug|Any CPU
		Release|Any CPU = Release|Any CPU
	EndGlobalSection
	GlobalSection(ProjectConfigurationPlatforms) = postSolution
		{B572781B-662B-4A18-96C9-DCB1F5988566}.Debug|Any CPU.ActiveCfg = Debug|Any CPU
		{B572781B-662B-4A18-96C9-DCB1F5988566}.Debug|Any CPU.Build.0 = Debug|Any CPU
		{B572781B-662B-4A18-96C9-DCB1F5988566}.Release|Any CPU.ActiveCfg = Release|Any CPU
		{B572781B-662B-4A18-96C9-DCB1F5988566}.Release|Any CPU.Build.0 = Release|Any CPU
	EndGlobalSection
	GlobalSection(SolutionProperties) = preSolution
		HideSolutionNode = FALSE
	EndGlobalSection
	GlobalSection(ExtensibilityGlobals) = postSolution
		SolutionGuid = {718DC3C3-F16B-441C-A27F-FC4BB4B41493}
	EndGlobalSection
EndGlobal
